
Microsoft Visual Studio Solution File, Format Version 12.00
# Visual Studio 2013
VisualStudioVersion = 12.0.21005.1
MinimumVisualStudioVersion = 10.0.40219.1
Project("{FAE04EC0-301F-11D3-BF4B-00C04F79EFBC}") = "MoveToFront", "Move-to-front\MoveToFront.csproj", "{932D74D8-9D4E-4418-88DE-7D39CE191FA6}"
EndProject
Project("{FAE04EC0-301F-11D3-BF4B-00C04F79EFBC}") = "Unit Test", "Unit Test\Unit Test.csproj", "{ED2092FA-9FD2-4301-B5BE-72114E938966}"
EndProject
Project("{FAE04EC0-301F-11D3-BF4B-00C04F79EFBC}") = "HuffmanTree", "HuffmanTree\HuffmanTree.csproj", "{E0BE7C8E-03DB-45A8-8D1B-711DA91484A8}"
EndProject
Project("{FAE04EC0-301F-11D3-BF4B-00C04F79EFBC}") = "PriorityQueue", "PriorityQueuet\PriorityQueue.csproj", "{4C4D4065-F76B-4793-A311-8FE43FD4F330}"
EndProject
Project("{FAE04EC0-301F-11D3-BF4B-00C04F79EFBC}") = "Transformation", "Transformation\Transformation.csproj", "{DB86DE7B-5FDF-4029-8011-9EC8B498C5AB}"
EndProject
Project("{FAE04EC0-301F-11D3-BF4B-00C04F79EFBC}") = "BurrowsWheelerCompression.UI", "BurrowsWheelerCompression.UI\BurrowsWheelerCompression.UI.csproj", "{7067571B-1690-43C8-B0EE-0EF7A335906C}"
EndProject
Global
	GlobalSection(SolutionConfigurationPlatforms) = preSolution
		Debug|Any CPU = Debug|Any CPU
		Release|Any CPU = Release|Any CPU
	EndGlobalSection
	GlobalSection(ProjectConfigurationPlatforms) = postSolution
		{932D74D8-9D4E-4418-88DE-7D39CE191FA6}.Debug|Any CPU.ActiveCfg = Debug|Any CPU
		{932D74D8-9D4E-4418-88DE-7D39CE191FA6}.Debug|Any CPU.Build.0 = Debug|Any CPU
		{932D74D8-9D4E-4418-88DE-7D39CE191FA6}.Release|Any CPU.ActiveCfg = Release|Any CPU
		{932D74D8-9D4E-4418-88DE-7D39CE191FA6}.Release|Any CPU.Build.0 = Release|Any CPU
		{ED2092FA-9FD2-4301-B5BE-72114E938966}.Debug|Any CPU.ActiveCfg = Debug|Any CPU
		{ED2092FA-9FD2-4301-B5BE-72114E938966}.Debug|Any CPU.Build.0 = Debug|Any CPU
		{ED2092FA-9FD2-4301-B5BE-72114E938966}.Release|Any CPU.ActiveCfg = Release|Any CPU
		{ED2092FA-9FD2-4301-B5BE-72114E938966}.Release|Any CPU.Build.0 = Release|Any CPU
		{E0BE7C8E-03DB-45A8-8D1B-711DA91484A8}.Debug|Any CPU.ActiveCfg = Debug|Any CPU
		{E0BE7C8E-03DB-45A8-8D1B-711DA91484A8}.Debug|Any CPU.Build.0 = Debug|Any CPU
		{E0BE7C8E-03DB-45A8-8D1B-711DA91484A8}.Release|Any CPU.ActiveCfg = Release|Any CPU
		{E0BE7C8E-03DB-45A8-8D1B-711DA91484A8}.Release|Any CPU.Build.0 = Release|Any CPU
		{4C4D4065-F76B-4793-A311-8FE43FD4F330}.Debug|Any CPU.ActiveCfg = Debug|Any CPU
		{4C4D4065-F76B-4793-A311-8FE43FD4F330}.Debug|Any CPU.Build.0 = Debug|Any CPU
		{4C4D4065-F76B-4793-A311-8FE43FD4F330}.Release|Any CPU.ActiveCfg = Release|Any CPU
		{4C4D4065-F76B-4793-A311-8FE43FD4F330}.Release|Any CPU.Build.0 = Release|Any CPU
		{DB86DE7B-5FDF-4029-8011-9EC8B498C5AB}.Debug|Any CPU.ActiveCfg = Debug|Any CPU
		{DB86DE7B-5FDF-4029-8011-9EC8B498C5AB}.Debug|Any CPU.Build.0 = Debug|Any CPU
		{DB86DE7B-5FDF-4029-8011-9EC8B498C5AB}.Release|Any CPU.ActiveCfg = Release|Any CPU
		{DB86DE7B-5FDF-4029-8011-9EC8B498C5AB}.Release|Any CPU.Build.0 = Release|Any CPU
		{7067571B-1690-43C8-B0EE-0EF7A335906C}.Debug|Any CPU.ActiveCfg = Debug|Any CPU
		{7067571B-1690-43C8-B0EE-0EF7A335906C}.Debug|Any CPU.Build.0 = Debug|Any CPU
		{7067571B-1690-43C8-B0EE-0EF7A335906C}.Release|Any CPU.ActiveCfg = Release|Any CPU
		{7067571B-1690-43C8-B0EE-0EF7A335906C}.Release|Any CPU.Build.0 = Release|Any CPU
	EndGlobalSection
	GlobalSection(SolutionProperties) = preSolution
		HideSolutionNode = FALSE
	EndGlobalSection
EndGlobal
